{
  "name": "datastudio",
  "version": "1.0.0",
  "lockfileVersion": 2,
  "requires": true,
  "packages": {
    "": {
      "name": "datastudio",
      "version": "1.0.0",
      "license": "ISC",
      "dependencies": {
        "@google/dscc": "^0.3.17"
      }
    },
    "node_modules/@google/dscc": {
      "version": "0.3.17",
      "resolved": "https://registry.npmjs.org/@google/dscc/-/dscc-0.3.17.tgz",
      "integrity": "sha512-NvLkgbfucNLK/2x2dNYSvNmea+ckh3dc09SphtboGVvqpJ2TMXhycvRMz7uMHAlcMvI2ukZbKAF6qvKUYoBGNA=="
    }
  },
  "dependencies": {
    "@google/dscc": {
      "version": "0.3.17",
      "resolved": "https://registry.npmjs.org/@google/dscc/-/dscc-0.3.17.tgz",
      "integrity": "sha512-NvLkgbfucNLK/2x2dNYSvNmea+ckh3dc09SphtboGVvqpJ2TMXhycvRMz7uMHAlcMvI2ukZbKAF6qvKUYoBGNA=="
    }
  }
}
